{
  "name": "client",
  "version": "0.0.0",
  "lockfileVersion": 2,
  "requires": true,
  "packages": {
    "": {
      "name": "client",
      "version": "0.0.0",
      "license": "UNLICENSED",
      "devDependencies": {
        "@biorate/playwright": "^1.54.0",
        "@playwright/test": "^1.40.1",
        "@types/react": "^18.0.37",
        "@types/react-dom": "^18.0.11",
        "classnames": "^2.3.1",
        "history": "^5.3.0",
        "i18next-browser-languagedetector": "^7.1.0",
        "i18next-http-backend": "^2.2.1",
        "mobx": "^6.5.0",
        "mobx-react": "^7.3.0",
        "playwright": "^1.40.1",
        "react": "^18.2.0",
        "react-dom": "^18.2.0",
        "react-router": "^6.15.0",
        "react-router-dom": "^6.15.0"
      }
    },
    "../../node_modules/.pnpm/@biorate+playwright@1.53.2/node_modules/@biorate/playwright": {
      "version": "1.53.2",
      "extraneous": true,
      "license": "MIT",
      "dependencies": {
        "@biorate/symbolic": "1.28.0",
        "@biorate/tools": "1.28.0",
        "@playwright/test": "^1.40.1",
        "allure-playwright": "^2.9.2",
        "playwright": "^1.40.1"
      },
      "devDependencies": {
        "@types/node": "^20.10.4"
      }
    },
    "../../node_modules/.pnpm/@playwright+test@1.40.1/node_modules/@playwright/test": {
      "version": "1.40.1",
      "extraneous": true,
      "license": "Apache-2.0",
      "dependencies": {
        "playwright": "1.40.1"
      },
      "bin": {
        "playwright": "cli.js"
      },
      "engines": {
        "node": ">=16"
      }
    },
    "../../node_modules/.pnpm/@types+react-dom@18.2.14/node_modules/@types/react-dom": {
      "version": "18.2.14",
      "dev": true,
      "license": "MIT",
      "dependencies": {
        "@types/react": "*"
      }
    },
    "../../node_modules/.pnpm/@types+react@18.2.34/node_modules/@types/react": {
      "version": "18.2.34",
      "dev": true,
      "license": "MIT",
      "dependencies": {
        "@types/prop-types": "*",
        "@types/scheduler": "*",
        "csstype": "^3.0.2"
      }
    },
    "../../node_modules/.pnpm/classnames@2.3.2/node_modules/classnames": {
      "version": "2.3.2",
      "dev": true,
      "license": "MIT",
      "devDependencies": {
        "benchmark": "^2.1.4",
        "browserify": "^17.0.0",
        "dtslint": "^4.0.9",
        "mocha": "^10.0.0"
      }
    },
    "../../node_modules/.pnpm/history@5.3.0/node_modules/history": {
      "version": "5.3.0",
      "dev": true,
      "license": "MIT",
      "dependencies": {
        "@babel/runtime": "^7.7.6"
      }
    },
    "../../node_modules/.pnpm/i18next-browser-languagedetector@7.1.0/node_modules/i18next-browser-languagedetector": {
      "version": "7.1.0",
      "dev": true,
      "license": "MIT",
      "dependencies": {
        "@babel/runtime": "^7.19.4"
      },
      "devDependencies": {
        "@babel/core": "^7.19.6",
        "@babel/eslint-parser": "^7.19.1",
        "@babel/plugin-transform-runtime": "^7.19.6",
        "@babel/preset-env": "^7.19.4",
        "@rollup/plugin-babel": "^5.3.1",
        "@rollup/plugin-node-resolve": "^14.1.0",
        "babel-polyfill": "^6.26.0",
        "babelify": "^10.0.0",
        "browserify": "17.0.0",
        "browserify-istanbul": "3.0.1",
        "chai": "4.3.6",
        "coveralls": "3.1.1",
        "cpy-cli": "^4.2.0",
        "dtslint": "^4.2.1",
        "eslint": "8.26.0",
        "eslint-config-airbnb": "19.0.4",
        "expect.js": "0.3.1",
        "i18next": "23.2.3",
        "mkdirp": "1.0.4",
        "mocha": "10.1.0",
        "rimraf": "3.0.2",
        "rollup": "^2.79.1",
        "rollup-plugin-terser": "^7.0.2",
        "tsd": "0.24.1",
        "tslint": "^5.20.1",
        "typescript": "^4.8.4",
        "yargs": "17.6.0"
      }
    },
    "../../node_modules/.pnpm/i18next-http-backend@2.3.1/node_modules/i18next-http-backend": {
      "version": "2.3.1",
      "dev": true,
      "license": "MIT",
      "dependencies": {
        "cross-fetch": "4.0.0"
      },
      "devDependencies": {
        "@babel/cli": "7.23.0",
        "@babel/core": "7.23.2",
        "@babel/preset-env": "7.23.2",
        "babel-plugin-add-module-exports": "1.0.4",
        "browserify": "17.0.0",
        "dtslint": "4.2.1",
        "eslint": "8.52.0",
        "eslint-config-standard": "17.1.0",
        "eslint-plugin-import": "2.29.0",
        "eslint-plugin-n": "16.2.0",
        "eslint-plugin-promise": "6.1.1",
        "eslint-plugin-require-path-exists": "1.1.9",
        "eslint-plugin-standard": "5.0.0",
        "expect.js": "0.3.1",
        "i18next": "23.6.0",
        "json-server": "0.17.4",
        "json5": "2.2.3",
        "mocha": "10.2.0",
        "tsd": "0.29.0",
        "tslint": "5.20.1",
        "typescript": "5.2.2",
        "uglify-js": "3.17.4",
        "xmlhttprequest": "1.8.0"
      }
    },
    "../../node_modules/.pnpm/mobx-react@7.6.0_mobx@6.10.2_react-dom@18.2.0_react@18.2.0/node_modules/mobx-react": {
      "version": "7.6.0",
      "dev": true,
      "license": "MIT",
      "dependencies": {
        "mobx-react-lite": "^3.4.0"
      },
      "devDependencies": {
        "mobx": "^6.7.0",
        "mobx-react-lite": "^3.4.0"
      },
      "funding": {
        "type": "opencollective",
        "url": "https://opencollective.com/mobx"
      },
      "peerDependencies": {
        "mobx": "^6.1.0",
        "react": "^16.8.0 || ^17 || ^18"
      },
      "peerDependenciesMeta": {
        "react-dom": {
          "optional": true
        },
        "react-native": {
          "optional": true
        }
      }
    },
    "../../node_modules/.pnpm/mobx@6.10.2/node_modules/mobx": {
      "version": "6.10.2",
      "dev": true,
      "license": "MIT",
      "devDependencies": {
        "@babel/core": "^7.9.0",
        "@babel/plugin-proposal-class-properties": "^7.8.3",
        "@babel/plugin-proposal-decorators": "^7.8.3",
        "@babel/plugin-transform-runtime": "^7.9.0",
        "@babel/preset-env": "^7.9.5",
        "@babel/preset-typescript": "^7.9.0",
        "@babel/runtime": "^7.9.2",
        "conditional-type-checks": "^1.0.5",
        "flow-bin": "^0.123.0"
      },
      "funding": {
        "type": "opencollective",
        "url": "https://opencollective.com/mobx"
      }
    },
    "../../node_modules/.pnpm/playwright@1.40.1/node_modules/playwright": {
      "version": "1.40.1",
      "extraneous": true,
      "license": "Apache-2.0",
      "dependencies": {
        "playwright-core": "1.40.1"
      },
      "bin": {
        "playwright": "cli.js"
      },
      "engines": {
        "node": ">=16"
      },
      "optionalDependencies": {
        "fsevents": "2.3.2"
      }
    },
    "../../node_modules/.pnpm/react-dom@18.2.0_react@18.2.0/node_modules/react-dom": {
      "version": "18.2.0",
      "dev": true,
      "license": "MIT",
      "dependencies": {
        "loose-envify": "^1.1.0",
        "scheduler": "^0.23.0"
      },
      "peerDependencies": {
        "react": "^18.2.0"
      }
    },
    "../../node_modules/.pnpm/react-router-dom@6.18.0_react-dom@18.2.0_react@18.2.0/node_modules/react-router-dom": {
      "version": "6.18.0",
      "dev": true,
      "license": "MIT",
      "dependencies": {
        "@remix-run/router": "1.11.0",
        "react-router": "6.18.0"
      },
      "devDependencies": {
        "react": "^18.2.0",
        "react-dom": "^18.2.0"
      },
      "engines": {
        "node": ">=14.0.0"
      },
      "peerDependencies": {
        "react": ">=16.8",
        "react-dom": ">=16.8"
      }
    },
    "../../node_modules/.pnpm/react-router@6.18.0_react@18.2.0/node_modules/react-router": {
      "version": "6.18.0",
      "dev": true,
      "license": "MIT",
      "dependencies": {
        "@remix-run/router": "1.11.0"
      },
      "devDependencies": {
        "react": "^18.2.0"
      },
      "engines": {
        "node": ">=14.0.0"
      },
      "peerDependencies": {
        "react": ">=16.8"
      }
    },
    "../../node_modules/.pnpm/react@18.2.0/node_modules/react": {
      "version": "18.2.0",
      "dev": true,
      "license": "MIT",
      "dependencies": {
        "loose-envify": "^1.1.0"
      },
      "engines": {
        "node": ">=0.10.0"
      }
    },
    "node_modules/@biorate/errors": {
      "version": "1.28.0",
      "resolved": "https://registry.npmjs.org/@biorate/errors/-/errors-1.28.0.tgz",
      "integrity": "sha512-pvLqsKCwMZHhWGUY8LQdlkxzI0W0oLJjvDMvxv7Z4+7AmpJHJ6PzPUThR3Ty9QiRmfLbUlfsy417dB/Qj1HJfA==",
      "dev": true
    },
    "node_modules/@biorate/playwright": {
      "version": "1.54.0",
      "resolved": "https://registry.npmjs.org/@biorate/playwright/-/playwright-1.54.0.tgz",
      "integrity": "sha512-6erM4Ob2pKNCrkqadMuUDnGhD3TdYVt7He+2huxEJHFW4P84M7phkVNwx8lbVRy5BHUypV9XuMOMH6YslmxH0Q==",
      "dev": true,
      "dependencies": {
        "@biorate/run-context": "1.54.0",
        "@biorate/symbolic": "1.28.0",
        "@biorate/tools": "1.28.0",
        "@playwright/test": "^1.40.1",
        "allure-playwright": "^2.10.0",
        "playwright": "^1.40.1"
      },
      "peerDependencies": {
        "reflect-metadata": "^0.1.13"
      }
    },
    "node_modules/@biorate/run-context": {
      "version": "1.54.0",
      "resolved": "https://registry.npmjs.org/@biorate/run-context/-/run-context-1.54.0.tgz",
      "integrity": "sha512-nCNKw9PMas747/amf/bcq15kaBS433zXACWFVAPTI+SrcoW7vbUPRVy+heylogUSc/uSmxl4N/iPfgMIIYAz2g==",
      "dev": true,
      "dependencies": {
        "@biorate/symbolic": "1.28.0",
        "@biorate/tools": "1.28.0"
      },
      "peerDependencies": {
        "reflect-metadata": "^0.1.13"
      }
    },
    "node_modules/@biorate/symbolic": {
      "version": "1.28.0",
      "resolved": "https://registry.npmjs.org/@biorate/symbolic/-/symbolic-1.28.0.tgz",
      "integrity": "sha512-VUiMy1JQW1yyRrsQyahNPmbrIh+Ydpvmz8+tpffLtXo8cOD68JYqlhNGssd3BI/Gab9fKvR0EK7CBQa0wZrlhw==",
      "dev": true
    },
    "node_modules/@biorate/tools": {
      "version": "1.28.0",
      "resolved": "https://registry.npmjs.org/@biorate/tools/-/tools-1.28.0.tgz",
      "integrity": "sha512-tI1s6YJLpXhQwKY6ns7kgmroiZ92u5oRCQBZ6++yBjn0pSNhmwePNYGWgrjYkIeiViayhyfmXp5ERFu0jgUHAQ==",
      "dev": true,
      "dependencies": {
        "@biorate/errors": "1.28.0"
      }
    },
    "node_modules/@playwright/test": {
      "version": "1.40.1",
      "resolved": "https://registry.npmjs.org/@playwright/test/-/test-1.40.1.tgz",
      "integrity": "sha512-EaaawMTOeEItCRvfmkI9v6rBkF1svM8wjl/YPRrg2N2Wmp+4qJYkWtJsbew1szfKKDm6fPLy4YAanBhIlf9dWw==",
      "dev": true,
      "dependencies": {
        "playwright": "1.40.1"
      },
      "bin": {
        "playwright": "cli.js"
      },
      "engines": {
        "node": ">=16"
      }
    },
    "node_modules/@types/react": {
      "resolved": "../../node_modules/.pnpm/@types+react@18.2.34/node_modules/@types/react",
      "link": true
    },
    "node_modules/@types/react-dom": {
      "resolved": "../../node_modules/.pnpm/@types+react-dom@18.2.14/node_modules/@types/react-dom",
      "link": true
    },
    "node_modules/allure-js-commons": {
      "version": "2.10.0",
      "resolved": "https://registry.npmjs.org/allure-js-commons/-/allure-js-commons-2.10.0.tgz",
      "integrity": "sha512-DgACWBU2dchQD8tQOo5Y0MXx08SSzdgCnKBdwrOu29vITYBXih+0r8SbmrFYQhjAbn8eKMM+mXq+rKtjZRa2oA==",
      "dev": true,
      "dependencies": {
        "properties": "^1.2.1"
      }
    },
    "node_modules/allure-playwright": {
      "version": "2.10.0",
      "resolved": "https://registry.npmjs.org/allure-playwright/-/allure-playwright-2.10.0.tgz",
      "integrity": "sha512-zDljPJ/Fnyd2fn7msChtZebwkSVmAGLe/oWK7okGi0Ed+iHZ0E5Vwe5Z5MtUdfLjnT/OkOduwmS7R/DHeTXFSA==",
      "dev": true,
      "dependencies": {
        "allure-js-commons": "2.10.0"
      }
    },
    "node_modules/classnames": {
      "resolved": "../../node_modules/.pnpm/classnames@2.3.2/node_modules/classnames",
      "link": true
    },
    "node_modules/fsevents": {
      "version": "2.3.2",
      "resolved": "https://registry.npmjs.org/fsevents/-/fsevents-2.3.2.tgz",
      "integrity": "sha512-xiqMQR4xAeHTuB9uWm+fFRcIOgKBMiOBP+eXiyT7jsgVCq1bkVygt00oASowB7EdtpOHaaPgKt812P9ab+DDKA==",
      "dev": true,
      "hasInstallScript": true,
      "optional": true,
      "os": [
        "darwin"
      ],
      "engines": {
        "node": "^8.16.0 || ^10.6.0 || >=11.0.0"
      }
    },
    "node_modules/history": {
      "resolved": "../../node_modules/.pnpm/history@5.3.0/node_modules/history",
      "link": true
    },
    "node_modules/i18next-browser-languagedetector": {
      "resolved": "../../node_modules/.pnpm/i18next-browser-languagedetector@7.1.0/node_modules/i18next-browser-languagedetector",
      "link": true
    },
    "node_modules/i18next-http-backend": {
      "resolved": "../../node_modules/.pnpm/i18next-http-backend@2.3.1/node_modules/i18next-http-backend",
      "link": true
    },
    "node_modules/mobx": {
      "resolved": "../../node_modules/.pnpm/mobx@6.10.2/node_modules/mobx",
      "link": true
    },
    "node_modules/mobx-react": {
      "resolved": "../../node_modules/.pnpm/mobx-react@7.6.0_mobx@6.10.2_react-dom@18.2.0_react@18.2.0/node_modules/mobx-react",
      "link": true
    },
    "node_modules/playwright": {
      "version": "1.40.1",
      "resolved": "https://registry.npmjs.org/playwright/-/playwright-1.40.1.tgz",
      "integrity": "sha512-2eHI7IioIpQ0bS1Ovg/HszsN/XKNwEG1kbzSDDmADpclKc7CyqkHw7Mg2JCz/bbCxg25QUPcjksoMW7JcIFQmw==",
      "dev": true,
      "dependencies": {
        "playwright-core": "1.40.1"
      },
      "bin": {
        "playwright": "cli.js"
      },
      "engines": {
        "node": ">=16"
      },
      "optionalDependencies": {
        "fsevents": "2.3.2"
      }
    },
    "node_modules/playwright-core": {
      "version": "1.40.1",
      "resolved": "https://registry.npmjs.org/playwright-core/-/playwright-core-1.40.1.tgz",
      "integrity": "sha512-+hkOycxPiV534c4HhpfX6yrlawqVUzITRKwHAmYfmsVreltEl6fAZJ3DPfLMOODw0H3s1Itd6MDCWmP1fl/QvQ==",
      "dev": true,
      "bin": {
        "playwright-core": "cli.js"
      },
      "engines": {
        "node": ">=16"
      }
    },
    "node_modules/properties": {
      "version": "1.2.1",
      "resolved": "https://registry.npmjs.org/properties/-/properties-1.2.1.tgz",
      "integrity": "sha512-qYNxyMj1JeW54i/EWEFsM1cVwxJbtgPp8+0Wg9XjNaK6VE/c4oRi6PNu5p7w1mNXEIQIjV5Wwn8v8Gz82/QzdQ==",
      "dev": true,
      "engines": {
        "node": ">=0.10"
      }
    },
    "node_modules/react": {
      "resolved": "../../node_modules/.pnpm/react@18.2.0/node_modules/react",
      "link": true
    },
    "node_modules/react-dom": {
      "resolved": "../../node_modules/.pnpm/react-dom@18.2.0_react@18.2.0/node_modules/react-dom",
      "link": true
    },
    "node_modules/react-router": {
      "resolved": "../../node_modules/.pnpm/react-router@6.18.0_react@18.2.0/node_modules/react-router",
      "link": true
    },
    "node_modules/react-router-dom": {
      "resolved": "../../node_modules/.pnpm/react-router-dom@6.18.0_react-dom@18.2.0_react@18.2.0/node_modules/react-router-dom",
      "link": true
    },
    "node_modules/reflect-metadata": {
      "version": "0.1.14",
      "resolved": "https://registry.npmjs.org/reflect-metadata/-/reflect-metadata-0.1.14.tgz",
      "integrity": "sha512-ZhYeb6nRaXCfhnndflDK8qI6ZQ/YcWZCISRAWICW9XYqMUwjZM9Z0DveWX/ABN01oxSHwVxKQmxeYZSsm0jh5A==",
      "dev": true,
      "peer": true
    }
  },
  "dependencies": {
    "@biorate/errors": {
      "version": "1.28.0",
      "resolved": "https://registry.npmjs.org/@biorate/errors/-/errors-1.28.0.tgz",
      "integrity": "sha512-pvLqsKCwMZHhWGUY8LQdlkxzI0W0oLJjvDMvxv7Z4+7AmpJHJ6PzPUThR3Ty9QiRmfLbUlfsy417dB/Qj1HJfA==",
      "dev": true
    },
    "@biorate/playwright": {
      "version": "1.54.0",
      "resolved": "https://registry.npmjs.org/@biorate/playwright/-/playwright-1.54.0.tgz",
      "integrity": "sha512-6erM4Ob2pKNCrkqadMuUDnGhD3TdYVt7He+2huxEJHFW4P84M7phkVNwx8lbVRy5BHUypV9XuMOMH6YslmxH0Q==",
      "dev": true,
      "requires": {
        "@biorate/run-context": "1.54.0",
        "@biorate/symbolic": "1.28.0",
        "@biorate/tools": "1.28.0",
        "@playwright/test": "^1.40.1",
        "allure-playwright": "^2.10.0",
        "playwright": "^1.40.1"
      }
    },
    "@biorate/run-context": {
      "version": "1.54.0",
      "resolved": "https://registry.npmjs.org/@biorate/run-context/-/run-context-1.54.0.tgz",
      "integrity": "sha512-nCNKw9PMas747/amf/bcq15kaBS433zXACWFVAPTI+SrcoW7vbUPRVy+heylogUSc/uSmxl4N/iPfgMIIYAz2g==",
      "dev": true,
      "requires": {
        "@biorate/symbolic": "1.28.0",
        "@biorate/tools": "1.28.0"
      }
    },
    "@biorate/symbolic": {
      "version": "1.28.0",
      "resolved": "https://registry.npmjs.org/@biorate/symbolic/-/symbolic-1.28.0.tgz",
      "integrity": "sha512-VUiMy1JQW1yyRrsQyahNPmbrIh+Ydpvmz8+tpffLtXo8cOD68JYqlhNGssd3BI/Gab9fKvR0EK7CBQa0wZrlhw==",
      "dev": true
    },
    "@biorate/tools": {
      "version": "1.28.0",
      "resolved": "https://registry.npmjs.org/@biorate/tools/-/tools-1.28.0.tgz",
      "integrity": "sha512-tI1s6YJLpXhQwKY6ns7kgmroiZ92u5oRCQBZ6++yBjn0pSNhmwePNYGWgrjYkIeiViayhyfmXp5ERFu0jgUHAQ==",
      "dev": true,
      "requires": {
        "@biorate/errors": "1.28.0"
      }
    },
    "@playwright/test": {
      "version": "1.40.1",
      "resolved": "https://registry.npmjs.org/@playwright/test/-/test-1.40.1.tgz",
      "integrity": "sha512-EaaawMTOeEItCRvfmkI9v6rBkF1svM8wjl/YPRrg2N2Wmp+4qJYkWtJsbew1szfKKDm6fPLy4YAanBhIlf9dWw==",
      "dev": true,
      "requires": {
        "playwright": "1.40.1"
      }
    },
    "@types/react": {
      "version": "file:../../node_modules/.pnpm/@types+react@18.2.34/node_modules/@types/react",
      "requires": {
        "@types/prop-types": "*",
        "@types/scheduler": "*",
        "csstype": "^3.0.2"
      }
    },
    "@types/react-dom": {
      "version": "file:../../node_modules/.pnpm/@types+react-dom@18.2.14/node_modules/@types/react-dom",
      "requires": {
        "@types/react": "*"
      }
    },
    "allure-js-commons": {
      "version": "2.10.0",
      "resolved": "https://registry.npmjs.org/allure-js-commons/-/allure-js-commons-2.10.0.tgz",
      "integrity": "sha512-DgACWBU2dchQD8tQOo5Y0MXx08SSzdgCnKBdwrOu29vITYBXih+0r8SbmrFYQhjAbn8eKMM+mXq+rKtjZRa2oA==",
      "dev": true,
      "requires": {
        "properties": "^1.2.1"
      }
    },
    "allure-playwright": {
      "version": "2.10.0",
      "resolved": "https://registry.npmjs.org/allure-playwright/-/allure-playwright-2.10.0.tgz",
      "integrity": "sha512-zDljPJ/Fnyd2fn7msChtZebwkSVmAGLe/oWK7okGi0Ed+iHZ0E5Vwe5Z5MtUdfLjnT/OkOduwmS7R/DHeTXFSA==",
      "dev": true,
      "requires": {
        "allure-js-commons": "2.10.0"
      }
    },
    "classnames": {
      "version": "file:../../node_modules/.pnpm/classnames@2.3.2/node_modules/classnames",
      "requires": {
        "benchmark": "^2.1.4",
        "browserify": "^17.0.0",
        "dtslint": "^4.0.9",
        "mocha": "^10.0.0"
      }
    },
    "fsevents": {
      "version": "2.3.2",
      "resolved": "https://registry.npmjs.org/fsevents/-/fsevents-2.3.2.tgz",
      "integrity": "sha512-xiqMQR4xAeHTuB9uWm+fFRcIOgKBMiOBP+eXiyT7jsgVCq1bkVygt00oASowB7EdtpOHaaPgKt812P9ab+DDKA==",
      "dev": true,
      "optional": true
    },
    "history": {
      "version": "file:../../node_modules/.pnpm/history@5.3.0/node_modules/history",
      "requires": {
        "@babel/runtime": "^7.7.6"
      }
    },
    "i18next-browser-languagedetector": {
      "version": "file:../../node_modules/.pnpm/i18next-browser-languagedetector@7.1.0/node_modules/i18next-browser-languagedetector",
      "requires": {
        "@babel/core": "^7.19.6",
        "@babel/eslint-parser": "^7.19.1",
        "@babel/plugin-transform-runtime": "^7.19.6",
        "@babel/preset-env": "^7.19.4",
        "@babel/runtime": "^7.19.4",
        "@rollup/plugin-babel": "^5.3.1",
        "@rollup/plugin-node-resolve": "^14.1.0",
        "babel-polyfill": "^6.26.0",
        "babelify": "^10.0.0",
        "browserify": "17.0.0",
        "browserify-istanbul": "3.0.1",
        "chai": "4.3.6",
        "coveralls": "3.1.1",
        "cpy-cli": "^4.2.0",
        "dtslint": "^4.2.1",
        "eslint": "8.26.0",
        "eslint-config-airbnb": "19.0.4",
        "expect.js": "0.3.1",
        "i18next": "23.2.3",
        "mkdirp": "1.0.4",
        "mocha": "10.1.0",
        "rimraf": "3.0.2",
        "rollup": "^2.79.1",
        "rollup-plugin-terser": "^7.0.2",
        "tsd": "0.24.1",
        "tslint": "^5.20.1",
        "typescript": "^4.8.4",
        "yargs": "17.6.0"
      }
    },
    "i18next-http-backend": {
      "version": "file:../../node_modules/.pnpm/i18next-http-backend@2.3.1/node_modules/i18next-http-backend",
      "requires": {
        "@babel/cli": "7.23.0",
        "@babel/core": "7.23.2",
        "@babel/preset-env": "7.23.2",
        "babel-plugin-add-module-exports": "1.0.4",
        "browserify": "17.0.0",
        "cross-fetch": "4.0.0",
        "dtslint": "4.2.1",
        "eslint": "8.52.0",
        "eslint-config-standard": "17.1.0",
        "eslint-plugin-import": "2.29.0",
        "eslint-plugin-n": "16.2.0",
        "eslint-plugin-promise": "6.1.1",
        "eslint-plugin-require-path-exists": "1.1.9",
        "eslint-plugin-standard": "5.0.0",
        "expect.js": "0.3.1",
        "i18next": "23.6.0",
        "json-server": "0.17.4",
        "json5": "2.2.3",
        "mocha": "10.2.0",
        "tsd": "0.29.0",
        "tslint": "5.20.1",
        "typescript": "5.2.2",
        "uglify-js": "3.17.4",
        "xmlhttprequest": "1.8.0"
      }
    },
    "mobx": {
      "version": "file:../../node_modules/.pnpm/mobx@6.10.2/node_modules/mobx",
      "requires": {
        "@babel/core": "^7.9.0",
        "@babel/plugin-proposal-class-properties": "^7.8.3",
        "@babel/plugin-proposal-decorators": "^7.8.3",
        "@babel/plugin-transform-runtime": "^7.9.0",
        "@babel/preset-env": "^7.9.5",
        "@babel/preset-typescript": "^7.9.0",
        "@babel/runtime": "^7.9.2",
        "conditional-type-checks": "^1.0.5",
        "flow-bin": "^0.123.0"
      }
    },
    "mobx-react": {
      "version": "file:../../node_modules/.pnpm/mobx-react@7.6.0_mobx@6.10.2_react-dom@18.2.0_react@18.2.0/node_modules/mobx-react",
      "requires": {
        "mobx": "^6.7.0",
        "mobx-react-lite": "^3.4.0"
      }
    },
    "playwright": {
      "version": "1.40.1",
      "resolved": "https://registry.npmjs.org/playwright/-/playwright-1.40.1.tgz",
      "integrity": "sha512-2eHI7IioIpQ0bS1Ovg/HszsN/XKNwEG1kbzSDDmADpclKc7CyqkHw7Mg2JCz/bbCxg25QUPcjksoMW7JcIFQmw==",
      "dev": true,
      "requires": {
        "fsevents": "2.3.2",
        "playwright-core": "1.40.1"
      }
    },
    "playwright-core": {
      "version": "1.40.1",
      "resolved": "https://registry.npmjs.org/playwright-core/-/playwright-core-1.40.1.tgz",
      "integrity": "sha512-+hkOycxPiV534c4HhpfX6yrlawqVUzITRKwHAmYfmsVreltEl6fAZJ3DPfLMOODw0H3s1Itd6MDCWmP1fl/QvQ==",
      "dev": true
    },
    "properties": {
      "version": "1.2.1",
      "resolved": "https://registry.npmjs.org/properties/-/properties-1.2.1.tgz",
      "integrity": "sha512-qYNxyMj1JeW54i/EWEFsM1cVwxJbtgPp8+0Wg9XjNaK6VE/c4oRi6PNu5p7w1mNXEIQIjV5Wwn8v8Gz82/QzdQ==",
      "dev": true
    },
    "react": {
      "version": "file:../../node_modules/.pnpm/react@18.2.0/node_modules/react",
      "requires": {
        "loose-envify": "^1.1.0"
      }
    },
    "react-dom": {
      "version": "file:../../node_modules/.pnpm/react-dom@18.2.0_react@18.2.0/node_modules/react-dom",
      "requires": {
        "loose-envify": "^1.1.0",
        "scheduler": "^0.23.0"
      }
    },
    "react-router": {
      "version": "file:../../node_modules/.pnpm/react-router@6.18.0_react@18.2.0/node_modules/react-router",
      "requires": {
        "@remix-run/router": "1.11.0",
        "react": "^18.2.0"
      }
    },
    "react-router-dom": {
      "version": "file:../../node_modules/.pnpm/react-router-dom@6.18.0_react-dom@18.2.0_react@18.2.0/node_modules/react-router-dom",
      "requires": {
        "@remix-run/router": "1.11.0",
        "react": "^18.2.0",
        "react-dom": "^18.2.0",
        "react-router": "6.18.0"
      }
    },
    "reflect-metadata": {
      "version": "0.1.14",
      "resolved": "https://registry.npmjs.org/reflect-metadata/-/reflect-metadata-0.1.14.tgz",
      "integrity": "sha512-ZhYeb6nRaXCfhnndflDK8qI6ZQ/YcWZCISRAWICW9XYqMUwjZM9Z0DveWX/ABN01oxSHwVxKQmxeYZSsm0jh5A==",
      "dev": true,
      "peer": true
    }
  }
}
